
Microsoft Visual Studio Solution File, Format Version 12.00
# Visual Studio Version 16
VisualStudioVersion = 16.0.30711.63
MinimumVisualStudioVersion = 10.0.40219.1
Project("{FAE04EC0-301F-11D3-BF4B-00C04F79EFBC}") = "SettleSearch", "SettleSearch\SettleSearch.csproj", "{27E52C68-BEA2-4ED7-90CA-0597F1F71259}"
EndProject
Project("{FAE04EC0-301F-11D3-BF4B-00C04F79EFBC}") = "SettleSearchUnitTests", "SettleSearchUnitTests\SettleSearchUnitTests.csproj", "{30D2DFDE-FA53-426A-B534-22DD83F18B8F}"
EndProject
Global
	GlobalSection(SolutionConfigurationPlatforms) = preSolution
		Debug|Any CPU = Debug|Any CPU
		Release|Any CPU = Release|Any CPU
	EndGlobalSection
	GlobalSection(ProjectConfigurationPlatforms) = postSolution
		{27E52C68-BEA2-4ED7-90CA-0597F1F71259}.Debug|Any CPU.ActiveCfg = Debug|Any CPU
		{27E52C68-BEA2-4ED7-90CA-0597F1F71259}.Debug|Any CPU.Build.0 = Debug|Any CPU
		{27E52C68-BEA2-4ED7-90CA-0597F1F71259}.Release|Any CPU.ActiveCfg = Release|Any CPU
		{27E52C68-BEA2-4ED7-90CA-0597F1F71259}.Release|Any CPU.Build.0 = Release|Any CPU
		{30D2DFDE-FA53-426A-B534-22DD83F18B8F}.Debug|Any CPU.ActiveCfg = Debug|Any CPU
		{30D2DFDE-FA53-426A-B534-22DD83F18B8F}.Debug|Any CPU.Build.0 = Debug|Any CPU
		{30D2DFDE-FA53-426A-B534-22DD83F18B8F}.Release|Any CPU.ActiveCfg = Release|Any CPU
		{30D2DFDE-FA53-426A-B534-22DD83F18B8F}.Release|Any CPU.Build.0 = Release|Any CPU
	EndGlobalSection
	GlobalSection(SolutionProperties) = preSolution
		HideSolutionNode = FALSE
	EndGlobalSection
	GlobalSection(ExtensibilityGlobals) = postSolution
		SolutionGuid = {E7128C54-4964-4BC7-805D-023C7093247C}
	EndGlobalSection
EndGlobal
